
Microsoft Visual Studio Solution File, Format Version 12.00
# Visual Studio Version 17
VisualStudioVersion = 17.9.34728.123
MinimumVisualStudioVersion = 10.0.40219.1
Project("{FAE04EC0-301F-11D3-BF4B-00C04F79EFBC}") = "bbank", "bbank\bbank.csproj", "{371B6A76-8FEC-4D04-8369-EAAC4087418A}"
EndProject
Project("{FAE04EC0-301F-11D3-BF4B-00C04F79EFBC}") = "bbanktest", "bbanktest\bbanktest.csproj", "{0D3C42F6-25D3-48E9-91EC-F94F0B6193F0}"
EndProject
Global
	GlobalSection(SolutionConfigurationPlatforms) = preSolution
		Debug|Any CPU = Debug|Any CPU
		Release|Any CPU = Release|Any CPU
	EndGlobalSection
	GlobalSection(ProjectConfigurationPlatforms) = postSolution
		{371B6A76-8FEC-4D04-8369-EAAC4087418A}.Debug|Any CPU.ActiveCfg = Debug|Any CPU
		{371B6A76-8FEC-4D04-8369-EAAC4087418A}.Debug|Any CPU.Build.0 = Debug|Any CPU
		{371B6A76-8FEC-4D04-8369-EAAC4087418A}.Release|Any CPU.ActiveCfg = Release|Any CPU
		{371B6A76-8FEC-4D04-8369-EAAC4087418A}.Release|Any CPU.Build.0 = Release|Any CPU
		{0D3C42F6-25D3-48E9-91EC-F94F0B6193F0}.Debug|Any CPU.ActiveCfg = Debug|Any CPU
		{0D3C42F6-25D3-48E9-91EC-F94F0B6193F0}.Debug|Any CPU.Build.0 = Debug|Any CPU
		{0D3C42F6-25D3-48E9-91EC-F94F0B6193F0}.Release|Any CPU.ActiveCfg = Release|Any CPU
		{0D3C42F6-25D3-48E9-91EC-F94F0B6193F0}.Release|Any CPU.Build.0 = Release|Any CPU
	EndGlobalSection
	GlobalSection(SolutionProperties) = preSolution
		HideSolutionNode = FALSE
	EndGlobalSection
	GlobalSection(ExtensibilityGlobals) = postSolution
		SolutionGuid = {D1E7345B-E4CB-4163-A243-CF72186F01CD}
	EndGlobalSection
EndGlobal
